// !$*UTF8*$!
{
	archiveVersion = 1;
	classes = {
	};
	objectVersion = 50;
	objects = {

/* Begin PBXBuildFile section */
		5E56837C24649B8E00732B09 /* csv.swift in Sources */ = {isa = PBXBuildFile; fileRef = 5E56837B24649B8E00732B09 /* csv.swift */; };
		5EA524D4246582E800A8C2CA /* pokemon.ttf in Resources */ = {isa = PBXBuildFile; fileRef = 5EA524D3246582E800A8C2CA /* pokemon.ttf */; };
		5EADF66B246477F200E4D0C2 /* AppDelegate.swift in Sources */ = {isa = PBXBuildFile; fileRef = 5EADF66A246477F200E4D0C2 /* AppDelegate.swift */; };
		5EADF66D246477F200E4D0C2 /* SceneDelegate.swift in Sources */ = {isa = PBXBuildFile; fileRef = 5EADF66C246477F200E4D0C2 /* SceneDelegate.swift */; };
		5EADF66F246477F200E4D0C2 /* ViewController.swift in Sources */ = {isa = PBXBuildFile; fileRef = 5EADF66E246477F200E4D0C2 /* ViewController.swift */; };
		5EADF672246477F200E4D0C2 /* Main.storyboard in Resources */ = {isa = PBXBuildFile; fileRef = 5EADF670246477F200E4D0C2 /* Main.storyboard */; };
		5EADF674246477F500E4D0C2 /* Assets.xcassets in Resources */ = {isa = PBXBuildFile; fileRef = 5EADF673246477F500E4D0C2 /* Assets.xcassets */; };
		5EADF677246477F500E4D0C2 /* LaunchScreen.storyboard in Resources */ = {isa = PBXBuildFile; fileRef = 5EADF675246477F500E4D0C2 /* LaunchScreen.storyboard */; };
		5EADF67F24647DE800E4D0C2 /* pokemon.csv in Resources */ = {isa = PBXBuildFile; fileRef = 5EADF67E24647DE700E4D0C2 /* pokemon.csv */; };
		5EADF6822464810600E4D0C2 /* Pokemon.swift in Sources */ = {isa = PBXBuildFile; fileRef = 5EADF6812464810600E4D0C2 /* Pokemon.swift */; };
		5EADF68724648D3600E4D0C2 /* PokeCell.swift in Sources */ = {isa = PBXBuildFile; fileRef = 5EADF68624648D3600E4D0C2 /* PokeCell.swift */; };
/* End PBXBuildFile section */

/* Begin PBXFileReference section */
		5E56837B24649B8E00732B09 /* csv.swift */ = {isa = PBXFileReference; fileEncoding = 4; lastKnownFileType = sourcecode.swift; path = csv.swift; sourceTree = "<group>"; };
		5EA524D3246582E800A8C2CA /* pokemon.ttf */ = {isa = PBXFileReference; lastKnownFileType = file; path = pokemon.ttf; sourceTree = "<group>"; };
		5EADF667246477F200E4D0C2 /* Pokeman.app */ = {isa = PBXFileReference; explicitFileType = wrapper.application; includeInIndex = 0; path = Pokeman.app; sourceTree = BUILT_PRODUCTS_DIR; };
		5EADF66A246477F200E4D0C2 /* AppDelegate.swift */ = {isa = PBXFileReference; lastKnownFileType = sourcecode.swift; path = AppDelegate.swift; sourceTree = "<group>"; };
		5EADF66C246477F200E4D0C2 /* SceneDelegate.swift */ = {isa = PBXFileReference; lastKnownFileType = sourcecode.swift; path = SceneDelegate.swift; sourceTree = "<group>"; };
		5EADF66E246477F200E4D0C2 /* ViewController.swift */ = {isa = PBXFileReference; lastKnownFileType = sourcecode.swift; path = ViewController.swift; sourceTree = "<group>"; };
		5EADF671246477F200E4D0C2 /* Base */ = {isa = PBXFileReference; lastKnownFileType = file.storyboard; name = Base; path = Base.lproj/Main.storyboard; sourceTree = "<group>"; };
		5EADF673246477F500E4D0C2 /* Assets.xcassets */ = {isa = PBXFileReference; lastKnownFileType = folder.assetcatalog; path = Assets.xcassets; sourceTree = "<group>"; };
		5EADF676246477F500E4D0C2 /* Base */ = {isa = PBXFileReference; lastKnownFileType = file.storyboard; name = Base; path = Base.lproj/LaunchScreen.storyboard; sourceTree = "<group>"; };
		5EADF678246477F500E4D0C2 /* Info.plist */ = {isa = PBXFileReference; lastKnownFileType = text.plist.xml; path = Info.plist; sourceTree = "<group>"; };
		5EADF67E24647DE700E4D0C2 /* pokemon.csv */ = {isa = PBXFileReference; fileEncoding = 4; lastKnownFileType = text; path = pokemon.csv; sourceTree = "<group>"; };
		5EADF6812464810600E4D0C2 /* Pokemon.swift */ = {isa = PBXFileReference; lastKnownFileType = sourcecode.swift; path = Pokemon.swift; sourceTree = "<group>"; };
		5EADF68624648D3600E4D0C2 /* PokeCell.swift */ = {isa = PBXFileReference; lastKnownFileType = sourcecode.swift; path = PokeCell.swift; sourceTree = "<group>"; };
/* End PBXFileReference section */

/* Begin PBXFrameworksBuildPhase section */
		5EADF664246477F200E4D0C2 /* Frameworks */ = {
			isa = PBXFrameworksBuildPhase;
			buildActionMask = 2147483647;
			files = (
			);
			runOnlyForDeploymentPostprocessing = 0;
		};
/* End PBXFrameworksBuildPhase section */

/* Begin PBXGroup section */
		5EA524D52465831400A8C2CA /* Controller */ = {
			isa = PBXGroup;
			children = (
				5EADF66E246477F200E4D0C2 /* ViewController.swift */,
			);
			path = Controller;
			sourceTree = "<group>";
		};
		5EA524D62465832A00A8C2CA /* Resources */ = {
			isa = PBXGroup;
			children = (
				5EA524D3246582E800A8C2CA /* pokemon.ttf */,
				5EADF67E24647DE700E4D0C2 /* pokemon.csv */,
			);
			path = Resources;
			sourceTree = "<group>";
		};
		5EA524D72465836200A8C2CA /* Utils */ = {
			isa = PBXGroup;
			children = (
				5E56837B24649B8E00732B09 /* csv.swift */,
			);
			path = Utils;
			sourceTree = "<group>";
		};
		5EADF65E246477F200E4D0C2 = {
			isa = PBXGroup;
			children = (
				5EADF669246477F200E4D0C2 /* Pokeman */,
				5EADF668246477F200E4D0C2 /* Products */,
			);
			sourceTree = "<group>";
		};
		5EADF668246477F200E4D0C2 /* Products */ = {
			isa = PBXGroup;
			children = (
				5EADF667246477F200E4D0C2 /* Pokeman.app */,
			);
			name = Products;
			sourceTree = "<group>";
		};
		5EADF669246477F200E4D0C2 /* Pokeman */ = {
			isa = PBXGroup;
			children = (
				5EADF680246480EE00E4D0C2 /* Modal */,
				5EADF68324648A5500E4D0C2 /* View */,
				5EA524D52465831400A8C2CA /* Controller */,
				5EA524D62465832A00A8C2CA /* Resources */,
				5EA524D72465836200A8C2CA /* Utils */,
				5EADF66A246477F200E4D0C2 /* AppDelegate.swift */,
				5EADF66C246477F200E4D0C2 /* SceneDelegate.swift */,
				5EADF675246477F500E4D0C2 /* LaunchScreen.storyboard */,
				5EADF670246477F200E4D0C2 /* Main.storyboard */,
				5EADF673246477F500E4D0C2 /* Assets.xcassets */,
				5EADF678246477F500E4D0C2 /* Info.plist */,
			);
			path = Pokeman;
			sourceTree = "<group>";
		};
		5EADF680246480EE00E4D0C2 /* Modal */ = {
			isa = PBXGroup;
			children = (
				5EADF6812464810600E4D0C2 /* Pokemon.swift */,
			);
			path = Modal;
			sourceTree = "<group>";
		};
		5EADF68324648A5500E4D0C2 /* View */ = {
			isa = PBXGroup;
			children = (
				5EADF68624648D3600E4D0C2 /* PokeCell.swift */,
			);
			path = View;
			sourceTree = "<group>";
		};
/* End PBXGroup section */

/* Begin PBXNativeTarget section */
		5EADF666246477F200E4D0C2 /* Pokeman */ = {
			isa = PBXNativeTarget;
			buildConfigurationList = 5EADF67B246477F500E4D0C2 /* Build configuration list for PBXNativeTarget "Pokeman" */;
			buildPhases = (
				5EADF663246477F200E4D0C2 /* Sources */,
				5EADF664246477F200E4D0C2 /* Frameworks */,
				5EADF665246477F200E4D0C2 /* Resources */,
			);
			buildRules = (
			);
			dependencies = (
			);
			name = Pokeman;
			productName = Pokeman;
			productReference = 5EADF667246477F200E4D0C2 /* Pokeman.app */;
			productType = "com.apple.product-type.application";
		};
/* End PBXNativeTarget section */

/* Begin PBXProject section */
		5EADF65F246477F200E4D0C2 /* Project object */ = {
			isa = PBXProject;
			attributes = {
				LastSwiftUpdateCheck = 1130;
				LastUpgradeCheck = 1130;
				ORGANIZATIONNAME = mh;
				TargetAttributes = {
					5EADF666246477F200E4D0C2 = {
						CreatedOnToolsVersion = 11.3;
					};
				};
			};
			buildConfigurationList = 5EADF662246477F200E4D0C2 /* Build configuration list for PBXProject "Pokeman" */;
			compatibilityVersion = "Xcode 9.3";
			developmentRegion = en;
			hasScannedForEncodings = 0;
			knownRegions = (
				en,
				Base,
			);
			mainGroup = 5EADF65E246477F200E4D0C2;
			productRefGroup = 5EADF668246477F200E4D0C2 /* Products */;
			projectDirPath = "";
			projectRoot = "";
			targets = (
				5EADF666246477F200E4D0C2 /* Pokeman */,
			);
		};
/* End PBXProject section */

/* Begin PBXResourcesBuildPhase section */
		5EADF665246477F200E4D0C2 /* Resources */ = {
			isa = PBXResourcesBuildPhase;
			buildActionMask = 2147483647;
			files = (
				5EA524D4246582E800A8C2CA /* pokemon.ttf in Resources */,
				5EADF677246477F500E4D0C2 /* LaunchScreen.storyboard in Resources */,
				5EADF674246477F500E4D0C2 /* Assets.xcassets in Resources */,
				5EADF67F24647DE800E4D0C2 /* pokemon.csv in Resources */,
				5EADF672246477F200E4D0C2 /* Main.storyboard in Resources */,
			);
			runOnlyForDeploymentPostprocessing = 0;
		};
/* End PBXResourcesBuildPhase section */

/* Begin PBXSourcesBuildPhase section */
		5EADF663246477F200E4D0C2 /* Sources */ = {
			isa = PBXSourcesBuildPhase;
			buildActionMask = 2147483647;
			files = (
				5E56837C24649B8E00732B09 /* csv.swift in Sources */,
				5EADF66F246477F200E4D0C2 /* ViewController.swift in Sources */,
				5EADF6822464810600E4D0C2 /* Pokemon.swift in Sources */,
				5EADF66B246477F200E4D0C2 /* AppDelegate.swift in Sources */,
				5EADF66D246477F200E4D0C2 /* SceneDelegate.swift in Sources */,
				5EADF68724648D3600E4D0C2 /* PokeCell.swift in Sources */,
			);
			runOnlyForDeploymentPostprocessing = 0;
		};
/* End PBXSourcesBuildPhase section */

/* Begin PBXVariantGroup section */
		5EADF670246477F200E4D0C2 /* Main.storyboard */ = {
			isa = PBXVariantGroup;
			children = (
				5EADF671246477F200E4D0C2 /* Base */,
			);
			name = Main.storyboard;
			sourceTree = "<group>";
		};
		5EADF675246477F500E4D0C2 /* LaunchScreen.storyboard */ = {
			isa = PBXVariantGroup;
			children = (
				5EADF676246477F500E4D0C2 /* Base */,
			);
			name = LaunchScreen.storyboard;
			sourceTree = "<group>";
		};
/* End PBXVariantGroup section */

/* Begin XCBuildConfiguration section */
		5EADF679246477F500E4D0C2 /* Debug */ = {
			isa = XCBuildConfiguration;
			buildSettings = {
				ALWAYS_SEARCH_USER_PATHS = NO;
				CLANG_ANALYZER_NONNULL = YES;
				CLANG_ANALYZER_NUMBER_OBJECT_CONVERSION = YES_AGGRESSIVE;
				CLANG_CXX_LANGUAGE_STANDARD = "gnu++14";
				CLANG_CXX_LIBRARY = "libc++";
				CLANG_ENABLE_MODULES = YES;
				CLANG_ENABLE_OBJC_ARC = YES;
				CLANG_ENABLE_OBJC_WEAK = YES;
				CLANG_WARN_BLOCK_CAPTURE_AUTORELEASING = YES;
				CLANG_WARN_BOOL_CONVERSION = YES;
				CLANG_WARN_COMMA = YES;
				CLANG_WARN_CONSTANT_CONVERSION = YES;
				CLANG_WARN_DEPRECATED_OBJC_IMPLEMENTATIONS = YES;
				CLANG_WARN_DIRECT_OBJC_ISA_USAGE = YES_ERROR;
				CLANG_WARN_DOCUMENTATION_COMMENTS = YES;
				CLANG_WARN_EMPTY_BODY = YES;
				CLANG_WARN_ENUM_CONVERSION = YES;
				CLANG_WARN_INFINITE_RECURSION = YES;
				CLANG_WARN_INT_CONVERSION = YES;
				CLANG_WARN_NON_LITERAL_NULL_CONVERSION = YES;
				CLANG_WARN_OBJC_IMPLICIT_RETAIN_SELF = YES;
				CLANG_WARN_OBJC_LITERAL_CONVERSION = YES;
				CLANG_WARN_OBJC_ROOT_CLASS = YES_ERROR;
				CLANG_WARN_RANGE_LOOP_ANALYSIS = YES;
				CLANG_WARN_STRICT_PROTOTYPES = YES;
				CLANG_WARN_SUSPICIOUS_MOVE = YES;
				CLANG_WARN_UNGUARDED_AVAILABILITY = YES_AGGRESSIVE;
				CLANG_WARN_UNREACHABLE_CODE = YES;
				CLANG_WARN__DUPLICATE_METHOD_MATCH = YES;
				COPY_PHASE_STRIP = NO;
				DEBUG_INFORMATION_FORMAT = dwarf;
				ENABLE_STRICT_OBJC_MSGSEND = YES;
				ENABLE_TESTABILITY = YES;
				GCC_C_LANGUAGE_STANDARD = gnu11;
				GCC_DYNAMIC_NO_PIC = NO;
				GCC_NO_COMMON_BLOCKS = YES;
				GCC_OPTIMIZATION_LEVEL = 0;
				GCC_PREPROCESSOR_DEFINITIONS = (
					"DEBUG=1",
					"$(inherited)",
				);
				GCC_WARN_64_TO_32_BIT_CONVERSION = YES;
				GCC_WARN_ABOUT_RETURN_TYPE = YES_ERROR;
				GCC_WARN_UNDECLARED_SELECTOR = YES;
				GCC_WARN_UNINITIALIZED_AUTOS = YES_AGGRESSIVE;
				GCC_WARN_UNUSED_FUNCTION = YES;
				GCC_WARN_UNUSED_VARIABLE = YES;
				IPHONEOS_DEPLOYMENT_TARGET = 13.1;
				MTL_ENABLE_DEBUG_INFO = INCLUDE_SOURCE;
				MTL_FAST_MATH = YES;
				ONLY_ACTIVE_ARCH = YES;
				SDKROOT = iphoneos;
				SWIFT_ACTIVE_COMPILATION_CONDITIONS = DEBUG;
				SWIFT_OPTIMIZATION_LEVEL = "-Onone";
			};
			name = Debug;
		};
		5EADF67A246477F500E4D0C2 /* Release */ = {
			isa = XCBuildConfiguration;
			buildSettings = {
				ALWAYS_SEARCH_USER_PATHS = NO;
				CLANG_ANALYZER_NONNULL = YES;
				CLANG_ANALYZER_NUMBER_OBJECT_CONVERSION = YES_AGGRESSIVE;
				CLANG_CXX_LANGUAGE_STANDARD = "gnu++14";
				CLANG_CXX_LIBRARY = "libc++";
				CLANG_ENABLE_MODULES = YES;
				CLANG_ENABLE_OBJC_ARC = YES;
				CLANG_ENABLE_OBJC_WEAK = YES;
				CLANG_WARN_BLOCK_CAPTURE_AUTORELEASING = YES;
				CLANG_WARN_BOOL_CONVERSION = YES;
				CLANG_WARN_COMMA = YES;
				CLANG_WARN_CONSTANT_CONVERSION = YES;
				CLANG_WARN_DEPRECATED_OBJC_IMPLEMENTATIONS = YES;
				CLANG_WARN_DIRECT_OBJC_ISA_USAGE = YES_ERROR;
				CLANG_WARN_DOCUMENTATION_COMMENTS = YES;
				CLANG_WARN_EMPTY_BODY = YES;
				CLANG_WARN_ENUM_CONVERSION = YES;
				CLANG_WARN_INFINITE_RECURSION = YES;
				CLANG_WARN_INT_CONVERSION = YES;
				CLANG_WARN_NON_LITERAL_NULL_CONVERSION = YES;
				CLANG_WARN_OBJC_IMPLICIT_RETAIN_SELF = YES;
				CLANG_WARN_OBJC_LITERAL_CONVERSION = YES;
				CLANG_WARN_OBJC_ROOT_CLASS = YES_ERROR;
				CLANG_WARN_RANGE_LOOP_ANALYSIS = YES;
				CLANG_WARN_STRICT_PROTOTYPES = YES;
				CLANG_WARN_SUSPICIOUS_MOVE = YES;
				CLANG_WARN_UNGUARDED_AVAILABILITY = YES_AGGRESSIVE;
				CLANG_WARN_UNREACHABLE_CODE = YES;
				CLANG_WARN__DUPLICATE_METHOD_MATCH = YES;
				COPY_PHASE_STRIP = NO;
				DEBUG_INFORMATION_FORMAT = "dwarf-with-dsym";
				ENABLE_NS_ASSERTIONS = NO;
				ENABLE_STRICT_OBJC_MSGSEND = YES;
				GCC_C_LANGUAGE_STANDARD = gnu11;
				GCC_NO_COMMON_BLOCKS = YES;
				GCC_WARN_64_TO_32_BIT_CONVERSION = YES;
				GCC_WARN_ABOUT_RETURN_TYPE = YES_ERROR;
				GCC_WARN_UNDECLARED_SELECTOR = YES;
				GCC_WARN_UNINITIALIZED_AUTOS = YES_AGGRESSIVE;
				GCC_WARN_UNUSED_FUNCTION = YES;
				GCC_WARN_UNUSED_VARIABLE = YES;
				IPHONEOS_DEPLOYMENT_TARGET = 13.1;
				MTL_ENABLE_DEBUG_INFO = NO;
				MTL_FAST_MATH = YES;
				SDKROOT = iphoneos;
				SWIFT_COMPILATION_MODE = wholemodule;
				SWIFT_OPTIMIZATION_LEVEL = "-O";
				VALIDATE_PRODUCT = YES;
			};
			name = Release;
		};
		5EADF67C246477F500E4D0C2 /* Debug */ = {
			isa = XCBuildConfiguration;
			buildSettings = {
				ASSETCATALOG_COMPILER_APPICON_NAME = AppIcon;
				CODE_SIGN_IDENTITY = "Apple Development";
				CODE_SIGN_STYLE = Automatic;
				DEVELOPMENT_TEAM = AMNN4SX6JU;
				INFOPLIST_FILE = Pokeman/Info.plist;
				IPHONEOS_DEPLOYMENT_TARGET = 13.1;
				LD_RUNPATH_SEARCH_PATHS = (
					"$(inherited)",
					"@executable_path/Frameworks",
				);
				PRODUCT_BUNDLE_IDENTIFIER = mh.Pokemicih;
				PRODUCT_NAME = "$(TARGET_NAME)";
				PROVISIONING_PROFILE_SPECIFIER = "";
				SWIFT_VERSION = 5.0;
				TARGETED_DEVICE_FAMILY = 1;
			};
			name = Debug;
		};
		5EADF67D246477F500E4D0C2 /* Release */ = {
			isa = XCBuildConfiguration;
			buildSettings = {
				ASSETCATALOG_COMPILER_APPICON_NAME = AppIcon;
				CODE_SIGN_IDENTITY = "Apple Development";
				CODE_SIGN_STYLE = Automatic;
				DEVELOPMENT_TEAM = "";
				INFOPLIST_FILE = Pokeman/Info.plist;
				IPHONEOS_DEPLOYMENT_TARGET = 13.1;
				LD_RUNPATH_SEARCH_PATHS = (
					"$(inherited)",
					"@executable_path/Frameworks",
				);
				PRODUCT_BUNDLE_IDENTIFIER = mh.Pokemici;
				PRODUCT_NAME = "$(TARGET_NAME)";
				PROVISIONING_PROFILE_SPECIFIER = "";
				SWIFT_VERSION = 5.0;
				TARGETED_DEVICE_FAMILY = 1;
			};
			name = Release;
		};
/* End XCBuildConfiguration section */

/* Begin XCConfigurationList section */
		5EADF662246477F200E4D0C2 /* Build configuration list for PBXProject "Pokeman" */ = {
			isa = XCConfigurationList;
			buildConfigurations = (
				5EADF679246477F500E4D0C2 /* Debug */,
				5EADF67A246477F500E4D0C2 /* Release */,
			);
			defaultConfigurationIsVisible = 0;
			defaultConfigurationName = Release;
		};
		5EADF67B246477F500E4D0C2 /* Build configuration list for PBXNativeTarget "Pokeman" */ = {
			isa = XCConfigurationList;
			buildConfigurations = (
				5EADF67C246477F500E4D0C2 /* Debug */,
				5EADF67D246477F500E4D0C2 /* Release */,
			);
			defaultConfigurationIsVisible = 0;
			defaultConfigurationName = Release;
		};
/* End XCConfigurationList section */
	};
	rootObject = 5EADF65F246477F200E4D0C2 /* Project object */;
}
